
Microsoft Visual Studio Solution File, Format Version 12.00
# Visual Studio Version 17
VisualStudioVersion = 17.6.33723.286
MinimumVisualStudioVersion = 10.0.40219.1
Project("{9A19103F-16F7-4668-BE54-9A1E7A4F7556}") = "TwilioWhatsAppTriviaApp", "TwilioWhatsAppTriviaApp.csproj", "{ED7563BE-A6F8-4204-A5D3-C949BDA60141}"
EndProject
Global
	GlobalSection(SolutionConfigurationPlatforms) = preSolution
		Debug|Any CPU = Debug|Any CPU
		Release|Any CPU = Release|Any CPU
	EndGlobalSection
	GlobalSection(ProjectConfigurationPlatforms) = postSolution
		{ED7563BE-A6F8-4204-A5D3-C949BDA60141}.Debug|Any CPU.ActiveCfg = Debug|Any CPU
		{ED7563BE-A6F8-4204-A5D3-C949BDA60141}.Debug|Any CPU.Build.0 = Debug|Any CPU
		{ED7563BE-A6F8-4204-A5D3-C949BDA60141}.Release|Any CPU.ActiveCfg = Release|Any CPU
		{ED7563BE-A6F8-4204-A5D3-C949BDA60141}.Release|Any CPU.Build.0 = Release|Any CPU
	EndGlobalSection
	GlobalSection(SolutionProperties) = preSolution
		HideSolutionNode = FALSE
	EndGlobalSection
	GlobalSection(ExtensibilityGlobals) = postSolution
		SolutionGuid = {C666257A-980D-4D7C-B2F2-7A1F4EFB0218}
	EndGlobalSection
EndGlobal
